
Microsoft Visual Studio Solution File, Format Version 12.00
# Visual Studio Version 17
VisualStudioVersion = 17.3.32825.248
MinimumVisualStudioVersion = 10.0.40219.1
Project("{8BC9CEB8-8B4A-11D0-8D11-00A0C91BC942}") = "zad1 fun", "zad1 fun\zad1 fun.vcxproj", "{76E45B3C-E9AD-49EE-AF3C-27647BAA600F}"
EndProject
Project("{8BC9CEB8-8B4A-11D0-8D11-00A0C91BC942}") = "zad2 fun", "..\zad2 fun\zad2 fun\zad2 fun.vcxproj", "{3001A339-22EC-4D45-9228-04BBB29DC0A5}"
EndProject
Project("{8BC9CEB8-8B4A-11D0-8D11-00A0C91BC942}") = "zad3 fun", "..\zad3 fun\zad3 fun\zad3 fun.vcxproj", "{C1F8FC34-3B93-4516-99AF-D64DAB13CCCA}"
EndProject
Global
	GlobalSection(SolutionConfigurationPlatforms) = preSolution
		Debug|x64 = Debug|x64
		Debug|x86 = Debug|x86
		Release|x64 = Release|x64
		Release|x86 = Release|x86
	EndGlobalSection
	GlobalSection(ProjectConfigurationPlatforms) = postSolution
		{76E45B3C-E9AD-49EE-AF3C-27647BAA600F}.Debug|x64.ActiveCfg = Debug|x64
		{76E45B3C-E9AD-49EE-AF3C-27647BAA600F}.Debug|x64.Build.0 = Debug|x64
		{76E45B3C-E9AD-49EE-AF3C-27647BAA600F}.Debug|x86.ActiveCfg = Debug|Win32
		{76E45B3C-E9AD-49EE-AF3C-27647BAA600F}.Debug|x86.Build.0 = Debug|Win32
		{76E45B3C-E9AD-49EE-AF3C-27647BAA600F}.Release|x64.ActiveCfg = Release|x64
		{76E45B3C-E9AD-49EE-AF3C-27647BAA600F}.Release|x64.Build.0 = Release|x64
		{76E45B3C-E9AD-49EE-AF3C-27647BAA600F}.Release|x86.ActiveCfg = Release|Win32
		{76E45B3C-E9AD-49EE-AF3C-27647BAA600F}.Release|x86.Build.0 = Release|Win32
		{3001A339-22EC-4D45-9228-04BBB29DC0A5}.Debug|x64.ActiveCfg = Debug|x64
		{3001A339-22EC-4D45-9228-04BBB29DC0A5}.Debug|x64.Build.0 = Debug|x64
		{3001A339-22EC-4D45-9228-04BBB29DC0A5}.Debug|x86.ActiveCfg = Debug|Win32
		{3001A339-22EC-4D45-9228-04BBB29DC0A5}.Debug|x86.Build.0 = Debug|Win32
		{3001A339-22EC-4D45-9228-04BBB29DC0A5}.Release|x64.ActiveCfg = Release|x64
		{3001A339-22EC-4D45-9228-04BBB29DC0A5}.Release|x64.Build.0 = Release|x64
		{3001A339-22EC-4D45-9228-04BBB29DC0A5}.Release|x86.ActiveCfg = Release|Win32
		{3001A339-22EC-4D45-9228-04BBB29DC0A5}.Release|x86.Build.0 = Release|Win32
		{C1F8FC34-3B93-4516-99AF-D64DAB13CCCA}.Debug|x64.ActiveCfg = Debug|x64
		{C1F8FC34-3B93-4516-99AF-D64DAB13CCCA}.Debug|x64.Build.0 = Debug|x64
		{C1F8FC34-3B93-4516-99AF-D64DAB13CCCA}.Debug|x86.ActiveCfg = Debug|Win32
		{C1F8FC34-3B93-4516-99AF-D64DAB13CCCA}.Debug|x86.Build.0 = Debug|Win32
		{C1F8FC34-3B93-4516-99AF-D64DAB13CCCA}.Release|x64.ActiveCfg = Release|x64
		{C1F8FC34-3B93-4516-99AF-D64DAB13CCCA}.Release|x64.Build.0 = Release|x64
		{C1F8FC34-3B93-4516-99AF-D64DAB13CCCA}.Release|x86.ActiveCfg = Release|Win32
		{C1F8FC34-3B93-4516-99AF-D64DAB13CCCA}.Release|x86.Build.0 = Release|Win32
	EndGlobalSection
	GlobalSection(SolutionProperties) = preSolution
		HideSolutionNode = FALSE
	EndGlobalSection
	GlobalSection(ExtensibilityGlobals) = postSolution
		SolutionGuid = {4D8AF326-DD9A-4603-8BF4-0D479D6B969F}
	EndGlobalSection
EndGlobal
