
Microsoft Visual Studio Solution File, Format Version 12.00
# Visual Studio Version 17
VisualStudioVersion = 17.3.32825.248
MinimumVisualStudioVersion = 10.0.40219.1
Project("{8BC9CEB8-8B4A-11D0-8D11-00A0C91BC942}") = "zad3", "zad2.vcxproj", "{B085763C-ADFD-4E50-A345-3A3E65876B5D}"
EndProject
Project("{8BC9CEB8-8B4A-11D0-8D11-00A0C91BC942}") = "zad 2", "..\zad2\zad 2\zad 2.vcxproj", "{B25EE4CD-189D-47F1-8808-B7983D19CAD3}"
EndProject
Global
	GlobalSection(SolutionConfigurationPlatforms) = preSolution
		Debug|x64 = Debug|x64
		Debug|x86 = Debug|x86
		Release|x64 = Release|x64
		Release|x86 = Release|x86
	EndGlobalSection
	GlobalSection(ProjectConfigurationPlatforms) = postSolution
		{B085763C-ADFD-4E50-A345-3A3E65876B5D}.Debug|x64.ActiveCfg = Debug|x64
		{B085763C-ADFD-4E50-A345-3A3E65876B5D}.Debug|x64.Build.0 = Debug|x64
		{B085763C-ADFD-4E50-A345-3A3E65876B5D}.Debug|x86.ActiveCfg = Debug|Win32
		{B085763C-ADFD-4E50-A345-3A3E65876B5D}.Debug|x86.Build.0 = Debug|Win32
		{B085763C-ADFD-4E50-A345-3A3E65876B5D}.Release|x64.ActiveCfg = Release|x64
		{B085763C-ADFD-4E50-A345-3A3E65876B5D}.Release|x64.Build.0 = Release|x64
		{B085763C-ADFD-4E50-A345-3A3E65876B5D}.Release|x86.ActiveCfg = Release|Win32
		{B085763C-ADFD-4E50-A345-3A3E65876B5D}.Release|x86.Build.0 = Release|Win32
		{B25EE4CD-189D-47F1-8808-B7983D19CAD3}.Debug|x64.ActiveCfg = Debug|x64
		{B25EE4CD-189D-47F1-8808-B7983D19CAD3}.Debug|x64.Build.0 = Debug|x64
		{B25EE4CD-189D-47F1-8808-B7983D19CAD3}.Debug|x86.ActiveCfg = Debug|Win32
		{B25EE4CD-189D-47F1-8808-B7983D19CAD3}.Debug|x86.Build.0 = Debug|Win32
		{B25EE4CD-189D-47F1-8808-B7983D19CAD3}.Release|x64.ActiveCfg = Release|x64
		{B25EE4CD-189D-47F1-8808-B7983D19CAD3}.Release|x64.Build.0 = Release|x64
		{B25EE4CD-189D-47F1-8808-B7983D19CAD3}.Release|x86.ActiveCfg = Release|Win32
		{B25EE4CD-189D-47F1-8808-B7983D19CAD3}.Release|x86.Build.0 = Release|Win32
	EndGlobalSection
	GlobalSection(SolutionProperties) = preSolution
		HideSolutionNode = FALSE
	EndGlobalSection
	GlobalSection(ExtensibilityGlobals) = postSolution
		SolutionGuid = {B5DDE9FC-574D-4420-808D-FD42DE83A92B}
	EndGlobalSection
EndGlobal
